
Microsoft Visual Studio Solution File, Format Version 12.00
# Visual Studio Version 17
VisualStudioVersion = 17.6.33626.354
MinimumVisualStudioVersion = 10.0.40219.1
Project("{9A19103F-16F7-4668-BE54-9A1E7A4F7556}") = "Blazor.DialogCore", "Blazor.DialogCore\Blazor.DialogCore.csproj", "{C3FE761F-688D-44EB-A52E-FC54A44C3ABB}"
EndProject
Project("{FAE04EC0-301F-11D3-BF4B-00C04F79EFBC}") = "DemoApp", "DemoApp\DemoApp.csproj", "{7DCB92AF-924C-421B-B412-7EA70C5ED18D}"
EndProject
Project("{FAE04EC0-301F-11D3-BF4B-00C04F79EFBC}") = "Blazor.DialogCore.Infrastructure.Build", "Blazor.DialogCore.Infrastructure.Build\Blazor.DialogCore.Infrastructure.Build.csproj", "{89E0B27C-000C-49C5-AE9F-404335038C61}"
EndProject
Global
	GlobalSection(SolutionConfigurationPlatforms) = preSolution
		Debug|Any CPU = Debug|Any CPU
		Release|Any CPU = Release|Any CPU
	EndGlobalSection
	GlobalSection(ProjectConfigurationPlatforms) = postSolution
		{C3FE761F-688D-44EB-A52E-FC54A44C3ABB}.Debug|Any CPU.ActiveCfg = Debug|Any CPU
		{C3FE761F-688D-44EB-A52E-FC54A44C3ABB}.Debug|Any CPU.Build.0 = Debug|Any CPU
		{C3FE761F-688D-44EB-A52E-FC54A44C3ABB}.Release|Any CPU.ActiveCfg = Release|Any CPU
		{C3FE761F-688D-44EB-A52E-FC54A44C3ABB}.Release|Any CPU.Build.0 = Release|Any CPU
		{7DCB92AF-924C-421B-B412-7EA70C5ED18D}.Debug|Any CPU.ActiveCfg = Debug|Any CPU
		{7DCB92AF-924C-421B-B412-7EA70C5ED18D}.Debug|Any CPU.Build.0 = Debug|Any CPU
		{7DCB92AF-924C-421B-B412-7EA70C5ED18D}.Release|Any CPU.ActiveCfg = Release|Any CPU
		{7DCB92AF-924C-421B-B412-7EA70C5ED18D}.Release|Any CPU.Build.0 = Release|Any CPU
		{89E0B27C-000C-49C5-AE9F-404335038C61}.Debug|Any CPU.ActiveCfg = Debug|Any CPU
		{89E0B27C-000C-49C5-AE9F-404335038C61}.Debug|Any CPU.Build.0 = Debug|Any CPU
		{89E0B27C-000C-49C5-AE9F-404335038C61}.Release|Any CPU.ActiveCfg = Release|Any CPU
		{89E0B27C-000C-49C5-AE9F-404335038C61}.Release|Any CPU.Build.0 = Release|Any CPU
	EndGlobalSection
	GlobalSection(SolutionProperties) = preSolution
		HideSolutionNode = FALSE
	EndGlobalSection
	GlobalSection(ExtensibilityGlobals) = postSolution
		SolutionGuid = {27E83A24-4C4D-4045-9512-AE4A0F6125C4}
	EndGlobalSection
EndGlobal
